
Microsoft Visual Studio Solution File, Format Version 12.00
# Visual Studio Version 16
VisualStudioVersion = 16.0.29123.88
MinimumVisualStudioVersion = 10.0.40219.1
Project("{FAE04EC0-301F-11D3-BF4B-00C04F79EFBC}") = "PortfolioManager", "PortfolioManager\PortfolioManager.csproj", "{8C15681C-2F11-46AE-98BF-A437E0D5FC67}"
EndProject
Project("{FAE04EC0-301F-11D3-BF4B-00C04F79EFBC}") = "RiskManager", "RiskManager\RiskManager.csproj", "{EA0CEC12-636E-48C9-B124-BEC8995C99C1}"
EndProject
Project("{FAE04EC0-301F-11D3-BF4B-00C04F79EFBC}") = "ReturnManager", "ReturnManager\ReturnManager.csproj", "{8C0D7447-8B74-4D4E-A2BB-C83C7B377295}"
EndProject
Project("{FAE04EC0-301F-11D3-BF4B-00C04F79EFBC}") = "PortfolioOptimizer", "PortfolioOptimizer\PortfolioOptimizer.csproj", "{8C7BDA48-28A4-42F7-B1D2-6DEA5CA5335D}"
EndProject
Global
	GlobalSection(SolutionConfigurationPlatforms) = preSolution
		Debug|Any CPU = Debug|Any CPU
		Release|Any CPU = Release|Any CPU
	EndGlobalSection
	GlobalSection(ProjectConfigurationPlatforms) = postSolution
		{8C15681C-2F11-46AE-98BF-A437E0D5FC67}.Debug|Any CPU.ActiveCfg = Debug|Any CPU
		{8C15681C-2F11-46AE-98BF-A437E0D5FC67}.Debug|Any CPU.Build.0 = Debug|Any CPU
		{8C15681C-2F11-46AE-98BF-A437E0D5FC67}.Release|Any CPU.ActiveCfg = Release|Any CPU
		{8C15681C-2F11-46AE-98BF-A437E0D5FC67}.Release|Any CPU.Build.0 = Release|Any CPU
		{EA0CEC12-636E-48C9-B124-BEC8995C99C1}.Debug|Any CPU.ActiveCfg = Debug|Any CPU
		{EA0CEC12-636E-48C9-B124-BEC8995C99C1}.Debug|Any CPU.Build.0 = Debug|Any CPU
		{EA0CEC12-636E-48C9-B124-BEC8995C99C1}.Release|Any CPU.ActiveCfg = Release|Any CPU
		{EA0CEC12-636E-48C9-B124-BEC8995C99C1}.Release|Any CPU.Build.0 = Release|Any CPU
		{8C0D7447-8B74-4D4E-A2BB-C83C7B377295}.Debug|Any CPU.ActiveCfg = Debug|Any CPU
		{8C0D7447-8B74-4D4E-A2BB-C83C7B377295}.Debug|Any CPU.Build.0 = Debug|Any CPU
		{8C0D7447-8B74-4D4E-A2BB-C83C7B377295}.Release|Any CPU.ActiveCfg = Release|Any CPU
		{8C0D7447-8B74-4D4E-A2BB-C83C7B377295}.Release|Any CPU.Build.0 = Release|Any CPU
		{8C7BDA48-28A4-42F7-B1D2-6DEA5CA5335D}.Debug|Any CPU.ActiveCfg = Debug|Any CPU
		{8C7BDA48-28A4-42F7-B1D2-6DEA5CA5335D}.Debug|Any CPU.Build.0 = Debug|Any CPU
		{8C7BDA48-28A4-42F7-B1D2-6DEA5CA5335D}.Release|Any CPU.ActiveCfg = Release|Any CPU
		{8C7BDA48-28A4-42F7-B1D2-6DEA5CA5335D}.Release|Any CPU.Build.0 = Release|Any CPU
	EndGlobalSection
	GlobalSection(SolutionProperties) = preSolution
		HideSolutionNode = FALSE
	EndGlobalSection
	GlobalSection(ExtensibilityGlobals) = postSolution
		SolutionGuid = {6D73D303-BC69-4B1F-9D21-AF90A2DEE74A}
	EndGlobalSection
EndGlobal
