
Microsoft Visual Studio Solution File, Format Version 12.00
# Visual Studio Version 16
VisualStudioVersion = 16.0.29123.88
MinimumVisualStudioVersion = 10.0.40219.1
Project("{FAE04EC0-301F-11D3-BF4B-00C04F79EFBC}") = "LDSData", "LDSData.csproj", "{4C127A92-0C83-4E8B-B107-BB41DE2CDBD0}"
EndProject
Project("{FAE04EC0-301F-11D3-BF4B-00C04F79EFBC}") = "ReturnService", "..\ReturnService\ReturnService.csproj", "{B0980840-240C-431E-891C-798B521FA2A6}"
EndProject
Global
	GlobalSection(SolutionConfigurationPlatforms) = preSolution
		Debug|Any CPU = Debug|Any CPU
		Release|Any CPU = Release|Any CPU
	EndGlobalSection
	GlobalSection(ProjectConfigurationPlatforms) = postSolution
		{4C127A92-0C83-4E8B-B107-BB41DE2CDBD0}.Debug|Any CPU.ActiveCfg = Debug|Any CPU
		{4C127A92-0C83-4E8B-B107-BB41DE2CDBD0}.Debug|Any CPU.Build.0 = Debug|Any CPU
		{4C127A92-0C83-4E8B-B107-BB41DE2CDBD0}.Release|Any CPU.ActiveCfg = Release|Any CPU
		{4C127A92-0C83-4E8B-B107-BB41DE2CDBD0}.Release|Any CPU.Build.0 = Release|Any CPU
		{B0980840-240C-431E-891C-798B521FA2A6}.Debug|Any CPU.ActiveCfg = Debug|Any CPU
		{B0980840-240C-431E-891C-798B521FA2A6}.Debug|Any CPU.Build.0 = Debug|Any CPU
		{B0980840-240C-431E-891C-798B521FA2A6}.Release|Any CPU.ActiveCfg = Release|Any CPU
		{B0980840-240C-431E-891C-798B521FA2A6}.Release|Any CPU.Build.0 = Release|Any CPU
	EndGlobalSection
	GlobalSection(SolutionProperties) = preSolution
		HideSolutionNode = FALSE
	EndGlobalSection
	GlobalSection(ExtensibilityGlobals) = postSolution
		SolutionGuid = {BCF5CE66-45AE-4A2D-96A2-E79FBCA5DD03}
	EndGlobalSection
EndGlobal
