
Microsoft Visual Studio Solution File, Format Version 12.00
# Visual Studio Version 16
VisualStudioVersion = 16.0.29123.88
MinimumVisualStudioVersion = 10.0.40219.1
Project("{FAE04EC0-301F-11D3-BF4B-00C04F79EFBC}") = "PortfolioManager", "PortfolioManager.csproj", "{C6771CC9-A7B7-479F-9476-9F8D01EB9750}"
EndProject
Project("{FAE04EC0-301F-11D3-BF4B-00C04F79EFBC}") = "ReturnService", "..\ReturnService\ReturnService.csproj", "{F7F9A43C-D6CA-4C63-BB84-73025CD299B1}"
EndProject
Project("{FAE04EC0-301F-11D3-BF4B-00C04F79EFBC}") = "AuthenticationAPI", "..\AuthenticationAPI\AuthenticationAPI.csproj", "{09393142-5D88-4DC9-A11A-198D82FE7750}"
EndProject
Global
	GlobalSection(SolutionConfigurationPlatforms) = preSolution
		Debug|Any CPU = Debug|Any CPU
		Release|Any CPU = Release|Any CPU
	EndGlobalSection
	GlobalSection(ProjectConfigurationPlatforms) = postSolution
		{C6771CC9-A7B7-479F-9476-9F8D01EB9750}.Debug|Any CPU.ActiveCfg = Debug|Any CPU
		{C6771CC9-A7B7-479F-9476-9F8D01EB9750}.Debug|Any CPU.Build.0 = Debug|Any CPU
		{C6771CC9-A7B7-479F-9476-9F8D01EB9750}.Release|Any CPU.ActiveCfg = Release|Any CPU
		{C6771CC9-A7B7-479F-9476-9F8D01EB9750}.Release|Any CPU.Build.0 = Release|Any CPU
		{F7F9A43C-D6CA-4C63-BB84-73025CD299B1}.Debug|Any CPU.ActiveCfg = Debug|Any CPU
		{F7F9A43C-D6CA-4C63-BB84-73025CD299B1}.Debug|Any CPU.Build.0 = Debug|Any CPU
		{F7F9A43C-D6CA-4C63-BB84-73025CD299B1}.Release|Any CPU.ActiveCfg = Release|Any CPU
		{F7F9A43C-D6CA-4C63-BB84-73025CD299B1}.Release|Any CPU.Build.0 = Release|Any CPU
		{09393142-5D88-4DC9-A11A-198D82FE7750}.Debug|Any CPU.ActiveCfg = Debug|Any CPU
		{09393142-5D88-4DC9-A11A-198D82FE7750}.Debug|Any CPU.Build.0 = Debug|Any CPU
		{09393142-5D88-4DC9-A11A-198D82FE7750}.Release|Any CPU.ActiveCfg = Release|Any CPU
		{09393142-5D88-4DC9-A11A-198D82FE7750}.Release|Any CPU.Build.0 = Release|Any CPU
	EndGlobalSection
	GlobalSection(SolutionProperties) = preSolution
		HideSolutionNode = FALSE
	EndGlobalSection
	GlobalSection(ExtensibilityGlobals) = postSolution
		SolutionGuid = {76F574BA-7FF1-479C-B94A-9777C6ECC317}
	EndGlobalSection
EndGlobal
